<?xml version="1.0" encoding="utf-8"?>
<Project ToolsVersion="4.0" xmlns="http://schemas.microsoft.com/developer/msbuild/2003">
  <ItemGroup>
    <Filter Include="Source Files">
      <UniqueIdentifier>{4FC737F1-C7A5-4376-A066-2A32D752A2FF}</UniqueIdentifier>
      <Extensions>cpp;c;cc;cxx;c++;cppm;ixx;def;odl;idl;hpj;bat;asm;asmx</Extensions>
    </Filter>
    <Filter Include="Header Files">
      <UniqueIdentifier>{93995380-89BD-4b04-88EB-625FBE52EBFB}</UniqueIdentifier>
      <Extensions>h;hh;hpp;hxx;h++;hm;inl;inc;ipp;xsd</Extensions>
    </Filter>
    <Filter Include="Resource Files">
      <UniqueIdentifier>{67DA6AB6-F800-4c08-8B7A-83BB121AAD01}</UniqueIdentifier>
      <Extensions>rc;ico;cur;bmp;dlg;rc2;rct;bin;rgs;gif;jpg;jpeg;jpe;resx;tiff;tif;png;wav;mfcribbon-ms</Extensions>
    </Filter>
  </ItemGroup>
  <ItemGroup>
    <ClCompile Include="Entry.cpp">
      <Filter>Source Files</Filter>
    </ClCompile>
    <ClCompile Include="fourInAline.cpp">
      <Filter>Source Files</Filter>
    </ClCompile>
    <ClCompile Include="LightsOut.cpp">
      <Filter>Source Files</Filter>
    </ClCompile>
    <ClCompile Include="15Puzzle.cpp">
      <Filter>Source Files</Filter>
    </ClCompile>
    <ClCompile Include="ShortestPathEntry.cpp">
      <Filter>Source Files</Filter>
    </ClCompile>
    <ClCompile Include="Level1.cpp">
      <Filter>Source Files</Filter>
    </ClCompile>
    <ClCompile Include="Level2.cpp">
      <Filter>Source Files</Filter>
    </ClCompile>
    <ClCompile Include="Level3.cpp">
      <Filter>Source Files</Filter>
    </ClCompile>
    <ClCompile Include="Level4.cpp">
      <Filter>Source Files</Filter>
    </ClCompile>
    <ClCompile Include="Level5.cpp">
      <Filter>Source Files</Filter>
    </ClCompile>
  </ItemGroup>
  <ItemGroup>
    <ClInclude Include="Entry.h">
      <Filter>Header Files</Filter>
    </ClInclude>
    <ClInclude Include="15puzzle.h">
      <Filter>Header Files</Filter>
    </ClInclude>
    <ClInclude Include="ShortestPathEntry.h">
      <Filter>Header Files</Filter>
    </ClInclude>
    <ClInclude Include="Level1.h">
      <Filter>Header Files</Filter>
    </ClInclude>
    <ClInclude Include="Level2.h">
      <Filter>Header Files</Filter>
    </ClInclude>
    <ClInclude Include="Level3.h">
      <Filter>Header Files</Filter>
    </ClInclude>
    <ClInclude Include="Level4.h">
      <Filter>Header Files</Filter>
    </ClInclude>
    <ClInclude Include="Level5.h">
      <Filter>Header Files</Filter>
    </ClInclude>
    <ClInclude Include="playfour.h">
      <Filter>Header Files</Filter>
    </ClInclude>
    <ClInclude Include="all_out.h">
      <Filter>Header Files</Filter>
    </ClInclude>
    <ClInclude Include="Tic_tac_toe.h">
      <Filter>Header Files</Filter>
    </ClInclude>
    <ClInclude Include="Guess_The_Function.h">
      <Filter>Header Files</Filter>
    </ClInclude>
  </ItemGroup>
</Project>